{
    "_meta": {
        "hash": {
            "sha256": "364aefee25d1c1c879ac4e45f81fde19f44c71a0acb569e1aadddd660a55a55a"
        },
        "pipfile-spec": 6,
        "requires": {},
        "sources": [
            {
                "name": "pypi",
                "url": "https://pypi.org/simple",
                "verify_ssl": true
            }
        ]
    },
    "default": {
        "alembic": {
            "version": "==1.0.8"
        },
        "babel": {
            "version": "==2.6.0"
        },
        "blinker": {
            "version": "==1.4"
        },
        "click": {
            "version": "==7.0"
        },
        "cssmin": {
            "index": "pypi",
            "version": "==0.2.0"
        },
        "dominate": {
            "version": "==2.3.5"
        },
        "flask": {
            "index": "pypi",
            "version": "==1.0.2"
        },
        "flask-assets": {
            "index": "pypi",
            "version": "==0.12"
        },
        "flask-babel": {
            "index": "pypi",
            "version": "==0.12.2"
        },
        "flask-bootstrap": {
            "index": "pypi",
            "version": "==3.3.7.1"
        },
        "flask-login": {
            "index": "pypi",
            "version": "==0.4.1"
        },
        "flask-migrate": {
            "index": "pypi",
            "version": "==2.4.0"
        },
        "flask-moment": {
            "index": "pypi",
            "version": "==0.7.0"
        },
        "flask-sqlalchemy": {
            "index": "pypi",
            "version": "==2.3.2"
        },
        "flask-whooshee": {
            "index": "pypi",
            "version": "==0.6.0"
        },
        "flask-wtf": {
            "index": "pypi",
            "version": "==0.14.2"
        },
        "gunicorn": {
            "index": "pypi",
            "version": "==19.9.0"
        },
        "itsdangerous": {
            "version": "==1.1.0"
        },
        "jinja2": {
            "version": "==2.10.1"
        },
        "jsmin": {
            "index": "pypi",
            "version": "==2.2.2"
        },
        "mako": {
            "version": "==1.0.8"
        },
        "marko": {
            "index": "pypi",
            "version": "==0.4.3"
        },
        "markupsafe": {
            "version": "==1.1.1"
        },
        "psycopg2": {
            "index": "pypi",
            "version": "==2.8.1"
        },
        "python-dateutil": {
            "version": "==2.8.0"
        },
        "python-editor": {
            "version": "==1.0.4"
        },
        "python-slugify": {
            "index": "pypi",
            "version": "==3.0.2"
        },
        "pytz": {
            "version": "==2019.1"
        },
        "pyyaml": {
            "index": "pypi",
            "version": "==5.1"
        },
        "six": {
            "index": "pypi",
            "version": "==1.12.0"
        },
        "sqlalchemy": {
            "version": "==1.3.2"
        },
        "text-unidecode": {
            "version": "==1.2"
        },
        "visitor": {
            "version": "==0.1.3"
        },
        "webassets": {
            "version": "==0.12.1"
        },
        "werkzeug": {
            "version": "==0.15.2"
        },
        "whoosh": {
            "version": "==2.7.4"
        },
        "wtforms": {
            "version": "==2.2.1"
        }
    },
    "develop": {
        "appnope": {
            "index": "pypi",
            "markers": "sys_platform == 'darwin'",
            "sys_platform": "=='darwin'",
            "version": "==0.1.0"
        },
        "backcall": {
            "version": "==0.1.0"
        },
        "click": {
            "version": "==7.0"
        },
        "decorator": {
            "version": "==4.4.0"
        },
        "entrypoints": {
            "version": "==0.3"
        },
        "flake8": {
            "index": "pypi",
            "version": "==3.7.7"
        },
        "flask": {
            "index": "pypi",
            "version": "==1.0.2"
        },
        "flask-shell-ipython": {
            "index": "pypi",
            "version": "==0.4.0"
        },
        "ipython": {
            "version": "==7.4.0"
        },
        "ipython-genutils": {
            "version": "==0.2.0"
        },
        "itsdangerous": {
            "version": "==1.1.0"
        },
        "jedi": {
            "version": "==0.13.3"
        },
        "jinja2": {
            "version": "==2.10.1"
        },
        "markupsafe": {
            "version": "==1.1.1"
        },
        "mccabe": {
            "version": "==0.6.1"
        },
        "mypy": {
            "index": "pypi",
            "version": "==0.700"
        },
        "mypy-extensions": {
            "version": "==0.4.1"
        },
        "parso": {
            "version": "==0.4.0"
        },
        "pexpect": {
            "markers": "sys_platform != 'win32'",
            "version": "==4.7.0"
        },
        "pickleshare": {
            "version": "==0.7.5"
        },
        "prompt-toolkit": {
            "version": "==2.0.9"
        },
        "ptyprocess": {
            "version": "==0.6.0"
        },
        "pycodestyle": {
            "version": "==2.5.0"
        },
        "pyflakes": {
            "version": "==2.1.1"
        },
        "pygments": {
            "version": "==2.3.1"
        },
        "six": {
            "index": "pypi",
            "version": "==1.12.0"
        },
        "traitlets": {
            "version": "==4.3.2"
        },
        "typed-ast": {
            "version": "==1.3.1"
        },
        "wcwidth": {
            "version": "==0.1.7"
        },
        "werkzeug": {
            "version": "==0.15.2"
        }
    }
}
